{
  "name": "skillcaddy",
  "version": "0.25.1",
  "lockfileVersion": 3,
  "requires": true,
  "packages": {
    "": {
      "name": "skillcaddy",
      "version": "0.25.1",
      "dependencies": {
        "tldts": "^7.4.9"
      },
      "bin": {
        "skillcaddy": "scripts/tui.js"
      },
      "engines": {
        "node": ">=20"
      }
    },
    "node_modules/tldts": {
      "version": "7.4.10",
      "resolved": "https://registry.npmjs.org/tldts/-/tldts-7.4.10.tgz",
      "integrity": "sha512-GgouD1B+sWwvkaEq8vXC15DjQitxbvs12oIXELpconwm+Tg3zfcEv4jgzq3vtKverDXsg3VI8aRgNL2Nra0Iog==",
      "license": "MIT",
      "dependencies": {
        "tldts-core": "^7.4.10"
      },
      "bin": {
        "tldts": "bin/cli.js"
      }
    },
    "node_modules/tldts-core": {
      "version": "7.4.10",
      "resolved": "https://registry.npmjs.org/tldts-core/-/tldts-core-7.4.10.tgz",
      "integrity": "sha512-KnQjp53ZekKgm/r3l+u8kJGGzYgrWdP8+Mql7a4vijh2WE0IrZWspQj/TpTxDho/YxO+AnOZnIjQcCD+q6iJsw==",
      "license": "MIT"
    }
  }
}
